
Microsoft Visual Studio Solution File, Format Version 11.00
# Visual Studio 2010
Project("{FAE04EC0-301F-11D3-BF4B-00C04F79EFBC}") = "HelixToolkit.SharpDX.Wpf_NET40", "HelixToolkit.SharpDX.Wpf\HelixToolkit.SharpDX.Wpf_NET40.csproj", "{39740654-F5F1-4936-B4EA-9BC97D4CDE37}"
EndProject
Project("{2150E333-8FDC-42A3-9474-1A3956D46DE8}") = "Examples (SharpDX)", "Examples (SharpDX)", "{40E9C5BC-97CD-442E-83B9-23722A2A29E7}"
EndProject
Project("{FAE04EC0-301F-11D3-BF4B-00C04F79EFBC}") = "SimpleDemo", "Examples\SharpDX.Wpf\SimpleDemo\SimpleDemo.csproj", "{467C5E3B-0FC9-4454-A277-7350D0C10ADB}"
EndProject
Project("{FAE04EC0-301F-11D3-BF4B-00C04F79EFBC}") = "LightingDemo.SharpDX", "Examples\SharpDX.Wpf\LightingDemo.SharpDX\LightingDemo.SharpDX.csproj", "{8CE35F6D-C06D-4045-A2C1-7F1795B62811}"
EndProject
Project("{FAE04EC0-301F-11D3-BF4B-00C04F79EFBC}") = "EnvironmentMapDemo", "Examples\SharpDX.Wpf\EnvironmentMapDemo\EnvironmentMapDemo.csproj", "{82D01A4F-51B2-4771-B6F2-EDC6240159E3}"
EndProject
Project("{FAE04EC0-301F-11D3-BF4B-00C04F79EFBC}") = "LineShadingDemo", "Examples\SharpDX.Wpf\LineShadingDemo\LineShadingDemo.csproj", "{BC976236-A1A1-4E44-8101-17823EA7C945}"
EndProject
Project("{FAE04EC0-301F-11D3-BF4B-00C04F79EFBC}") = "TemplateDemo", "Examples\SharpDX.Wpf\TemplateDemo\TemplateDemo.csproj", "{10CF1F8D-1297-495C-92C2-A24E341AA7AC}"
EndProject
Project("{FAE04EC0-301F-11D3-BF4B-00C04F79EFBC}") = "ManipulatorDemo", "Examples\SharpDX.Wpf\ManipulatorDemo\ManipulatorDemo.csproj", "{84F9C577-C2CE-4719-A5BE-7C4985FE7A46}"
EndProject
Project("{FAE04EC0-301F-11D3-BF4B-00C04F79EFBC}") = "InstancingDemo", "Examples\SharpDX.Wpf\InstancingDemo\InstancingDemo.csproj", "{58309989-DC5D-486E-99F2-245E84DC8D7F}"
EndProject
Project("{FAE04EC0-301F-11D3-BF4B-00C04F79EFBC}") = "ShadowMapDemo", "Examples\SharpDX.Wpf\ShadowMapDemo\ShadowMapDemo.csproj", "{D9C22065-B07A-432C-B319-87BCE640600C}"
EndProject
Project("{FAE04EC0-301F-11D3-BF4B-00C04F79EFBC}") = "DeferredShadingDemo", "Examples\SharpDX.Wpf\DeferredShadingDemo\DeferredShadingDemo.csproj", "{8E85B044-A3CD-4781-B65F-81B79DD0D2FE}"
EndProject
Project("{FAE04EC0-301F-11D3-BF4B-00C04F79EFBC}") = "ImageViewDemo", "Examples\SharpDX.Wpf\ImageViewDemo\ImageViewDemo.csproj", "{1C8BB886-9619-4D18-8D09-AD6A3E3506FD}"
EndProject
Project("{FAE04EC0-301F-11D3-BF4B-00C04F79EFBC}") = "TessellationDemo", "Examples\SharpDX.Wpf\TessellationDemo\TessellationDemo.csproj", "{82BB6745-9D34-453A-851C-01C8FD7A0F20}"
EndProject
Global
	GlobalSection(SolutionConfigurationPlatforms) = preSolution
		Debug|Any CPU = Debug|Any CPU
		Release|Any CPU = Release|Any CPU
	EndGlobalSection
	GlobalSection(ProjectConfigurationPlatforms) = postSolution
		{39740654-F5F1-4936-B4EA-9BC97D4CDE37}.Debug|Any CPU.ActiveCfg = Debug|Any CPU
		{39740654-F5F1-4936-B4EA-9BC97D4CDE37}.Debug|Any CPU.Build.0 = Debug|Any CPU
		{39740654-F5F1-4936-B4EA-9BC97D4CDE37}.Release|Any CPU.ActiveCfg = Release|Any CPU
		{39740654-F5F1-4936-B4EA-9BC97D4CDE37}.Release|Any CPU.Build.0 = Release|Any CPU
		{467C5E3B-0FC9-4454-A277-7350D0C10ADB}.Debug|Any CPU.ActiveCfg = Debug|Any CPU
		{467C5E3B-0FC9-4454-A277-7350D0C10ADB}.Debug|Any CPU.Build.0 = Debug|Any CPU
		{467C5E3B-0FC9-4454-A277-7350D0C10ADB}.Release|Any CPU.ActiveCfg = Release|Any CPU
		{467C5E3B-0FC9-4454-A277-7350D0C10ADB}.Release|Any CPU.Build.0 = Release|Any CPU
		{8CE35F6D-C06D-4045-A2C1-7F1795B62811}.Debug|Any CPU.ActiveCfg = Debug|Any CPU
		{8CE35F6D-C06D-4045-A2C1-7F1795B62811}.Debug|Any CPU.Build.0 = Debug|Any CPU
		{8CE35F6D-C06D-4045-A2C1-7F1795B62811}.Release|Any CPU.ActiveCfg = Release|Any CPU
		{8CE35F6D-C06D-4045-A2C1-7F1795B62811}.Release|Any CPU.Build.0 = Release|Any CPU
		{82D01A4F-51B2-4771-B6F2-EDC6240159E3}.Debug|Any CPU.ActiveCfg = Debug|Any CPU
		{82D01A4F-51B2-4771-B6F2-EDC6240159E3}.Debug|Any CPU.Build.0 = Debug|Any CPU
		{82D01A4F-51B2-4771-B6F2-EDC6240159E3}.Release|Any CPU.ActiveCfg = Release|Any CPU
		{82D01A4F-51B2-4771-B6F2-EDC6240159E3}.Release|Any CPU.Build.0 = Release|Any CPU
		{BC976236-A1A1-4E44-8101-17823EA7C945}.Debug|Any CPU.ActiveCfg = Debug|Any CPU
		{BC976236-A1A1-4E44-8101-17823EA7C945}.Debug|Any CPU.Build.0 = Debug|Any CPU
		{BC976236-A1A1-4E44-8101-17823EA7C945}.Release|Any CPU.ActiveCfg = Release|Any CPU
		{BC976236-A1A1-4E44-8101-17823EA7C945}.Release|Any CPU.Build.0 = Release|Any CPU
		{10CF1F8D-1297-495C-92C2-A24E341AA7AC}.Debug|Any CPU.ActiveCfg = Debug|Any CPU
		{10CF1F8D-1297-495C-92C2-A24E341AA7AC}.Debug|Any CPU.Build.0 = Debug|Any CPU
		{10CF1F8D-1297-495C-92C2-A24E341AA7AC}.Release|Any CPU.ActiveCfg = Release|Any CPU
		{10CF1F8D-1297-495C-92C2-A24E341AA7AC}.Release|Any CPU.Build.0 = Release|Any CPU
		{84F9C577-C2CE-4719-A5BE-7C4985FE7A46}.Debug|Any CPU.ActiveCfg = Debug|Any CPU
		{84F9C577-C2CE-4719-A5BE-7C4985FE7A46}.Debug|Any CPU.Build.0 = Debug|Any CPU
		{84F9C577-C2CE-4719-A5BE-7C4985FE7A46}.Release|Any CPU.ActiveCfg = Release|Any CPU
		{84F9C577-C2CE-4719-A5BE-7C4985FE7A46}.Release|Any CPU.Build.0 = Release|Any CPU
		{58309989-DC5D-486E-99F2-245E84DC8D7F}.Debug|Any CPU.ActiveCfg = Debug|Any CPU
		{58309989-DC5D-486E-99F2-245E84DC8D7F}.Debug|Any CPU.Build.0 = Debug|Any CPU
		{58309989-DC5D-486E-99F2-245E84DC8D7F}.Release|Any CPU.ActiveCfg = Release|Any CPU
		{58309989-DC5D-486E-99F2-245E84DC8D7F}.Release|Any CPU.Build.0 = Release|Any CPU
		{D9C22065-B07A-432C-B319-87BCE640600C}.Debug|Any CPU.ActiveCfg = Debug|Any CPU
		{D9C22065-B07A-432C-B319-87BCE640600C}.Debug|Any CPU.Build.0 = Debug|Any CPU
		{D9C22065-B07A-432C-B319-87BCE640600C}.Release|Any CPU.ActiveCfg = Release|Any CPU
		{D9C22065-B07A-432C-B319-87BCE640600C}.Release|Any CPU.Build.0 = Release|Any CPU
		{8E85B044-A3CD-4781-B65F-81B79DD0D2FE}.Debug|Any CPU.ActiveCfg = Debug|Any CPU
		{8E85B044-A3CD-4781-B65F-81B79DD0D2FE}.Debug|Any CPU.Build.0 = Debug|Any CPU
		{8E85B044-A3CD-4781-B65F-81B79DD0D2FE}.Release|Any CPU.ActiveCfg = Release|Any CPU
		{8E85B044-A3CD-4781-B65F-81B79DD0D2FE}.Release|Any CPU.Build.0 = Release|Any CPU
		{1C8BB886-9619-4D18-8D09-AD6A3E3506FD}.Debug|Any CPU.ActiveCfg = Debug|Any CPU
		{1C8BB886-9619-4D18-8D09-AD6A3E3506FD}.Debug|Any CPU.Build.0 = Debug|Any CPU
		{1C8BB886-9619-4D18-8D09-AD6A3E3506FD}.Release|Any CPU.ActiveCfg = Release|Any CPU
		{1C8BB886-9619-4D18-8D09-AD6A3E3506FD}.Release|Any CPU.Build.0 = Release|Any CPU
		{82BB6745-9D34-453A-851C-01C8FD7A0F20}.Debug|Any CPU.ActiveCfg = Debug|Any CPU
		{82BB6745-9D34-453A-851C-01C8FD7A0F20}.Debug|Any CPU.Build.0 = Debug|Any CPU
		{82BB6745-9D34-453A-851C-01C8FD7A0F20}.Release|Any CPU.ActiveCfg = Release|Any CPU
		{82BB6745-9D34-453A-851C-01C8FD7A0F20}.Release|Any CPU.Build.0 = Release|Any CPU
	EndGlobalSection
	GlobalSection(SolutionProperties) = preSolution
		HideSolutionNode = FALSE
	EndGlobalSection
	GlobalSection(NestedProjects) = preSolution
		{467C5E3B-0FC9-4454-A277-7350D0C10ADB} = {40E9C5BC-97CD-442E-83B9-23722A2A29E7}
		{8CE35F6D-C06D-4045-A2C1-7F1795B62811} = {40E9C5BC-97CD-442E-83B9-23722A2A29E7}
		{82D01A4F-51B2-4771-B6F2-EDC6240159E3} = {40E9C5BC-97CD-442E-83B9-23722A2A29E7}
		{BC976236-A1A1-4E44-8101-17823EA7C945} = {40E9C5BC-97CD-442E-83B9-23722A2A29E7}
		{10CF1F8D-1297-495C-92C2-A24E341AA7AC} = {40E9C5BC-97CD-442E-83B9-23722A2A29E7}
		{84F9C577-C2CE-4719-A5BE-7C4985FE7A46} = {40E9C5BC-97CD-442E-83B9-23722A2A29E7}
		{58309989-DC5D-486E-99F2-245E84DC8D7F} = {40E9C5BC-97CD-442E-83B9-23722A2A29E7}
		{D9C22065-B07A-432C-B319-87BCE640600C} = {40E9C5BC-97CD-442E-83B9-23722A2A29E7}
		{8E85B044-A3CD-4781-B65F-81B79DD0D2FE} = {40E9C5BC-97CD-442E-83B9-23722A2A29E7}
		{1C8BB886-9619-4D18-8D09-AD6A3E3506FD} = {40E9C5BC-97CD-442E-83B9-23722A2A29E7}
		{82BB6745-9D34-453A-851C-01C8FD7A0F20} = {40E9C5BC-97CD-442E-83B9-23722A2A29E7}
	EndGlobalSection
EndGlobal
